
Microsoft Visual Studio Solution File, Format Version 12.00
# Visual Studio 15
VisualStudioVersion = 15.0.28307.572
MinimumVisualStudioVersion = 10.0.40219.1
Project("{FAE04EC0-301F-11D3-BF4B-00C04F79EFBC}") = "ImageEditor", "ImageEditor\ImageEditor.csproj", "{5A391BC7-4282-4A6C-853A-1EF81E113B97}"
EndProject
Project("{FAE04EC0-301F-11D3-BF4B-00C04F79EFBC}") = "PluginFramework", "PluginFramework\PluginFramework.csproj", "{3E375EE2-67F9-414C-B32E-32085C80DBAE}"
EndProject
Project("{FAE04EC0-301F-11D3-BF4B-00C04F79EFBC}") = "FlipImage", "FlipImage\FlipImage.csproj", "{135D6F35-22A0-4FBB-84B7-98204A03F772}"
EndProject
Global
	GlobalSection(SolutionConfigurationPlatforms) = preSolution
		Debug|Any CPU = Debug|Any CPU
		Release|Any CPU = Release|Any CPU
	EndGlobalSection
	GlobalSection(ProjectConfigurationPlatforms) = postSolution
		{5A391BC7-4282-4A6C-853A-1EF81E113B97}.Debug|Any CPU.ActiveCfg = Debug|Any CPU
		{5A391BC7-4282-4A6C-853A-1EF81E113B97}.Debug|Any CPU.Build.0 = Debug|Any CPU
		{5A391BC7-4282-4A6C-853A-1EF81E113B97}.Release|Any CPU.ActiveCfg = Release|Any CPU
		{5A391BC7-4282-4A6C-853A-1EF81E113B97}.Release|Any CPU.Build.0 = Release|Any CPU
		{3E375EE2-67F9-414C-B32E-32085C80DBAE}.Debug|Any CPU.ActiveCfg = Debug|Any CPU
		{3E375EE2-67F9-414C-B32E-32085C80DBAE}.Debug|Any CPU.Build.0 = Debug|Any CPU
		{3E375EE2-67F9-414C-B32E-32085C80DBAE}.Release|Any CPU.ActiveCfg = Release|Any CPU
		{3E375EE2-67F9-414C-B32E-32085C80DBAE}.Release|Any CPU.Build.0 = Release|Any CPU
		{135D6F35-22A0-4FBB-84B7-98204A03F772}.Debug|Any CPU.ActiveCfg = Debug|Any CPU
		{135D6F35-22A0-4FBB-84B7-98204A03F772}.Debug|Any CPU.Build.0 = Debug|Any CPU
		{135D6F35-22A0-4FBB-84B7-98204A03F772}.Release|Any CPU.ActiveCfg = Release|Any CPU
		{135D6F35-22A0-4FBB-84B7-98204A03F772}.Release|Any CPU.Build.0 = Release|Any CPU
	EndGlobalSection
	GlobalSection(SolutionProperties) = preSolution
		HideSolutionNode = FALSE
	EndGlobalSection
	GlobalSection(ExtensibilityGlobals) = postSolution
		SolutionGuid = {56FC8440-16CF-4696-8476-84F99493F43A}
	EndGlobalSection
EndGlobal
